// !$*UTF8*$!
{
	archiveVersion = 1;
	classes = {
	};
	objectVersion = 55;
	objects = {

/* Begin PBXBuildFile section */
		D794F73328DE6EA9006E0DF2 /* AppDelegate.swift in Sources */ = {isa = PBXBuildFile; fileRef = D794F73228DE6EA9006E0DF2 /* AppDelegate.swift */; };
		D794F73528DE6EA9006E0DF2 /* SceneDelegate.swift in Sources */ = {isa = PBXBuildFile; fileRef = D794F73428DE6EA9006E0DF2 /* SceneDelegate.swift */; };
		D794F73728DE6EA9006E0DF2 /* NYCSchoolViewController.swift in Sources */ = {isa = PBXBuildFile; fileRef = D794F73628DE6EA9006E0DF2 /* NYCSchoolViewController.swift */; };
		D794F73A28DE6EA9006E0DF2 /* Main.storyboard in Resources */ = {isa = PBXBuildFile; fileRef = D794F73828DE6EA9006E0DF2 /* Main.storyboard */; };
		D794F73C28DE6EAC006E0DF2 /* Assets.xcassets in Resources */ = {isa = PBXBuildFile; fileRef = D794F73B28DE6EAC006E0DF2 /* Assets.xcassets */; };
		D794F73F28DE6EAC006E0DF2 /* LaunchScreen.storyboard in Resources */ = {isa = PBXBuildFile; fileRef = D794F73D28DE6EAC006E0DF2 /* LaunchScreen.storyboard */; };
		D794F74A28DE6EAC006E0DF2 /* NYCSchoolsTests.swift in Sources */ = {isa = PBXBuildFile; fileRef = D794F74928DE6EAC006E0DF2 /* NYCSchoolsTests.swift */; };
		D794F75428DE6EAC006E0DF2 /* NYCSchoolsUITests.swift in Sources */ = {isa = PBXBuildFile; fileRef = D794F75328DE6EAC006E0DF2 /* NYCSchoolsUITests.swift */; };
		D794F75628DE6EAC006E0DF2 /* NYCSchoolsUITestsLaunchTests.swift in Sources */ = {isa = PBXBuildFile; fileRef = D794F75528DE6EAC006E0DF2 /* NYCSchoolsUITestsLaunchTests.swift */; };
		D794F76A28DE7795006E0DF2 /* f9bf-2cp4-schools.json in Resources */ = {isa = PBXBuildFile; fileRef = D794F76828DE7795006E0DF2 /* f9bf-2cp4-schools.json */; };
		D794F76B28DE7795006E0DF2 /* f9bf-2cp4-schools.json in Resources */ = {isa = PBXBuildFile; fileRef = D794F76828DE7795006E0DF2 /* f9bf-2cp4-schools.json */; };
		D794F76C28DE7795006E0DF2 /* f9bf-2cp4-sat.json in Resources */ = {isa = PBXBuildFile; fileRef = D794F76928DE7795006E0DF2 /* f9bf-2cp4-sat.json */; };
		D794F76D28DE7795006E0DF2 /* f9bf-2cp4-sat.json in Resources */ = {isa = PBXBuildFile; fileRef = D794F76928DE7795006E0DF2 /* f9bf-2cp4-sat.json */; };
		D794F76F28DE784A006E0DF2 /* School.swift in Sources */ = {isa = PBXBuildFile; fileRef = D794F76E28DE784A006E0DF2 /* School.swift */; };
		D794F77028DE784A006E0DF2 /* School.swift in Sources */ = {isa = PBXBuildFile; fileRef = D794F76E28DE784A006E0DF2 /* School.swift */; };
		D794F77128DE784A006E0DF2 /* School.swift in Sources */ = {isa = PBXBuildFile; fileRef = D794F76E28DE784A006E0DF2 /* School.swift */; };
		D794F77328DE7874006E0DF2 /* SatScore.swift in Sources */ = {isa = PBXBuildFile; fileRef = D794F77228DE7874006E0DF2 /* SatScore.swift */; };
		D794F77428DE7874006E0DF2 /* SatScore.swift in Sources */ = {isa = PBXBuildFile; fileRef = D794F77228DE7874006E0DF2 /* SatScore.swift */; };
		D794F77528DE7874006E0DF2 /* SatScore.swift in Sources */ = {isa = PBXBuildFile; fileRef = D794F77228DE7874006E0DF2 /* SatScore.swift */; };
		D794F77728DE788E006E0DF2 /* SchoolPresenter.swift in Sources */ = {isa = PBXBuildFile; fileRef = D794F77628DE788E006E0DF2 /* SchoolPresenter.swift */; };
		D794F77828DE788E006E0DF2 /* SchoolPresenter.swift in Sources */ = {isa = PBXBuildFile; fileRef = D794F77628DE788E006E0DF2 /* SchoolPresenter.swift */; };
		D794F77928DE788E006E0DF2 /* SchoolPresenter.swift in Sources */ = {isa = PBXBuildFile; fileRef = D794F77628DE788E006E0DF2 /* SchoolPresenter.swift */; };
		D794F77C28DE78AD006E0DF2 /* SatScorePresenter.swift in Sources */ = {isa = PBXBuildFile; fileRef = D794F77B28DE78AD006E0DF2 /* SatScorePresenter.swift */; };
		D794F77D28DE78AD006E0DF2 /* SatScorePresenter.swift in Sources */ = {isa = PBXBuildFile; fileRef = D794F77B28DE78AD006E0DF2 /* SatScorePresenter.swift */; };
		D794F77E28DE78AD006E0DF2 /* SatScorePresenter.swift in Sources */ = {isa = PBXBuildFile; fileRef = D794F77B28DE78AD006E0DF2 /* SatScorePresenter.swift */; };
		D794F78028DE78CB006E0DF2 /* SchoolViewModel.swift in Sources */ = {isa = PBXBuildFile; fileRef = D794F77F28DE78CB006E0DF2 /* SchoolViewModel.swift */; };
		D794F78128DE78CB006E0DF2 /* SchoolViewModel.swift in Sources */ = {isa = PBXBuildFile; fileRef = D794F77F28DE78CB006E0DF2 /* SchoolViewModel.swift */; };
		D794F78228DE78CB006E0DF2 /* SchoolViewModel.swift in Sources */ = {isa = PBXBuildFile; fileRef = D794F77F28DE78CB006E0DF2 /* SchoolViewModel.swift */; };
		D794F78428DE78E9006E0DF2 /* SatScoreViewModel.swift in Sources */ = {isa = PBXBuildFile; fileRef = D794F78328DE78E9006E0DF2 /* SatScoreViewModel.swift */; };
		D794F78528DE78E9006E0DF2 /* SatScoreViewModel.swift in Sources */ = {isa = PBXBuildFile; fileRef = D794F78328DE78E9006E0DF2 /* SatScoreViewModel.swift */; };
		D794F78628DE78E9006E0DF2 /* SatScoreViewModel.swift in Sources */ = {isa = PBXBuildFile; fileRef = D794F78328DE78E9006E0DF2 /* SatScoreViewModel.swift */; };
		D794F78828DE795E006E0DF2 /* SchoolInterface.swift in Sources */ = {isa = PBXBuildFile; fileRef = D794F78728DE795E006E0DF2 /* SchoolInterface.swift */; };
		D794F78928DE795E006E0DF2 /* SchoolInterface.swift in Sources */ = {isa = PBXBuildFile; fileRef = D794F78728DE795E006E0DF2 /* SchoolInterface.swift */; };
		D794F78A28DE795E006E0DF2 /* SchoolInterface.swift in Sources */ = {isa = PBXBuildFile; fileRef = D794F78728DE795E006E0DF2 /* SchoolInterface.swift */; };
		D794F78C28DE7979006E0DF2 /* SatScoreInterface.swift in Sources */ = {isa = PBXBuildFile; fileRef = D794F78B28DE7979006E0DF2 /* SatScoreInterface.swift */; };
		D794F78D28DE7979006E0DF2 /* SatScoreInterface.swift in Sources */ = {isa = PBXBuildFile; fileRef = D794F78B28DE7979006E0DF2 /* SatScoreInterface.swift */; };
		D794F78E28DE7979006E0DF2 /* SatScoreInterface.swift in Sources */ = {isa = PBXBuildFile; fileRef = D794F78B28DE7979006E0DF2 /* SatScoreInterface.swift */; };
		D794F79128DE8CA0006E0DF2 /* SchoolDataSource.swift in Sources */ = {isa = PBXBuildFile; fileRef = D794F79028DE8CA0006E0DF2 /* SchoolDataSource.swift */; };
		D794F79228DE8CA0006E0DF2 /* SchoolDataSource.swift in Sources */ = {isa = PBXBuildFile; fileRef = D794F79028DE8CA0006E0DF2 /* SchoolDataSource.swift */; };
		D794F79328DE8CA0006E0DF2 /* SchoolDataSource.swift in Sources */ = {isa = PBXBuildFile; fileRef = D794F79028DE8CA0006E0DF2 /* SchoolDataSource.swift */; };
		D794F79528DE8CB4006E0DF2 /* SatScoreDataSource.swift in Sources */ = {isa = PBXBuildFile; fileRef = D794F79428DE8CB4006E0DF2 /* SatScoreDataSource.swift */; };
		D794F79628DE8CB4006E0DF2 /* SatScoreDataSource.swift in Sources */ = {isa = PBXBuildFile; fileRef = D794F79428DE8CB4006E0DF2 /* SatScoreDataSource.swift */; };
		D794F79728DE8CB4006E0DF2 /* SatScoreDataSource.swift in Sources */ = {isa = PBXBuildFile; fileRef = D794F79428DE8CB4006E0DF2 /* SatScoreDataSource.swift */; };
		D794F79E28DF33B8006E0DF2 /* FileManager.swift in Sources */ = {isa = PBXBuildFile; fileRef = D794F79D28DF33B8006E0DF2 /* FileManager.swift */; };
		D794F79F28DF33B8006E0DF2 /* FileManager.swift in Sources */ = {isa = PBXBuildFile; fileRef = D794F79D28DF33B8006E0DF2 /* FileManager.swift */; };
		D794F7A028DF33B8006E0DF2 /* FileManager.swift in Sources */ = {isa = PBXBuildFile; fileRef = D794F79D28DF33B8006E0DF2 /* FileManager.swift */; };
		D794F7A228DF33C8006E0DF2 /* NetworkManager.swift in Sources */ = {isa = PBXBuildFile; fileRef = D794F7A128DF33C8006E0DF2 /* NetworkManager.swift */; };
		D794F7A328DF33C8006E0DF2 /* NetworkManager.swift in Sources */ = {isa = PBXBuildFile; fileRef = D794F7A128DF33C8006E0DF2 /* NetworkManager.swift */; };
		D794F7A428DF33C8006E0DF2 /* NetworkManager.swift in Sources */ = {isa = PBXBuildFile; fileRef = D794F7A128DF33C8006E0DF2 /* NetworkManager.swift */; };
/* End PBXBuildFile section */

/* Begin PBXContainerItemProxy section */
		D794F74628DE6EAC006E0DF2 /* PBXContainerItemProxy */ = {
			isa = PBXContainerItemProxy;
			containerPortal = D794F72728DE6EA9006E0DF2 /* Project object */;
			proxyType = 1;
			remoteGlobalIDString = D794F72E28DE6EA9006E0DF2;
			remoteInfo = NYCSchools;
		};
		D794F75028DE6EAC006E0DF2 /* PBXContainerItemProxy */ = {
			isa = PBXContainerItemProxy;
			containerPortal = D794F72728DE6EA9006E0DF2 /* Project object */;
			proxyType = 1;
			remoteGlobalIDString = D794F72E28DE6EA9006E0DF2;
			remoteInfo = NYCSchools;
		};
/* End PBXContainerItemProxy section */

/* Begin PBXFileReference section */
		D794F72F28DE6EA9006E0DF2 /* NYCSchools.app */ = {isa = PBXFileReference; explicitFileType = wrapper.application; includeInIndex = 0; path = NYCSchools.app; sourceTree = BUILT_PRODUCTS_DIR; };
		D794F73228DE6EA9006E0DF2 /* AppDelegate.swift */ = {isa = PBXFileReference; lastKnownFileType = sourcecode.swift; path = AppDelegate.swift; sourceTree = "<group>"; };
		D794F73428DE6EA9006E0DF2 /* SceneDelegate.swift */ = {isa = PBXFileReference; lastKnownFileType = sourcecode.swift; path = SceneDelegate.swift; sourceTree = "<group>"; };
		D794F73628DE6EA9006E0DF2 /* NYCSchoolViewController.swift */ = {isa = PBXFileReference; lastKnownFileType = sourcecode.swift; path = NYCSchoolViewController.swift; sourceTree = "<group>"; };
		D794F73928DE6EA9006E0DF2 /* Base */ = {isa = PBXFileReference; lastKnownFileType = file.storyboard; name = Base; path = Base.lproj/Main.storyboard; sourceTree = "<group>"; };
		D794F73B28DE6EAC006E0DF2 /* Assets.xcassets */ = {isa = PBXFileReference; lastKnownFileType = folder.assetcatalog; path = Assets.xcassets; sourceTree = "<group>"; };
		D794F73E28DE6EAC006E0DF2 /* Base */ = {isa = PBXFileReference; lastKnownFileType = file.storyboard; name = Base; path = Base.lproj/LaunchScreen.storyboard; sourceTree = "<group>"; };
		D794F74028DE6EAC006E0DF2 /* Info.plist */ = {isa = PBXFileReference; lastKnownFileType = text.plist.xml; path = Info.plist; sourceTree = "<group>"; };
		D794F74528DE6EAC006E0DF2 /* NYCSchoolsTests.xctest */ = {isa = PBXFileReference; explicitFileType = wrapper.cfbundle; includeInIndex = 0; path = NYCSchoolsTests.xctest; sourceTree = BUILT_PRODUCTS_DIR; };
		D794F74928DE6EAC006E0DF2 /* NYCSchoolsTests.swift */ = {isa = PBXFileReference; lastKnownFileType = sourcecode.swift; path = NYCSchoolsTests.swift; sourceTree = "<group>"; };
		D794F74F28DE6EAC006E0DF2 /* NYCSchoolsUITests.xctest */ = {isa = PBXFileReference; explicitFileType = wrapper.cfbundle; includeInIndex = 0; path = NYCSchoolsUITests.xctest; sourceTree = BUILT_PRODUCTS_DIR; };
		D794F75328DE6EAC006E0DF2 /* NYCSchoolsUITests.swift */ = {isa = PBXFileReference; lastKnownFileType = sourcecode.swift; path = NYCSchoolsUITests.swift; sourceTree = "<group>"; };
		D794F75528DE6EAC006E0DF2 /* NYCSchoolsUITestsLaunchTests.swift */ = {isa = PBXFileReference; lastKnownFileType = sourcecode.swift; path = NYCSchoolsUITestsLaunchTests.swift; sourceTree = "<group>"; };
		D794F76828DE7795006E0DF2 /* f9bf-2cp4-schools.json */ = {isa = PBXFileReference; fileEncoding = 4; lastKnownFileType = text.json; path = "f9bf-2cp4-schools.json"; sourceTree = "<group>"; };
		D794F76928DE7795006E0DF2 /* f9bf-2cp4-sat.json */ = {isa = PBXFileReference; fileEncoding = 4; lastKnownFileType = text.json; path = "f9bf-2cp4-sat.json"; sourceTree = "<group>"; };
		D794F76E28DE784A006E0DF2 /* School.swift */ = {isa = PBXFileReference; lastKnownFileType = sourcecode.swift; path = School.swift; sourceTree = "<group>"; };
		D794F77228DE7874006E0DF2 /* SatScore.swift */ = {isa = PBXFileReference; lastKnownFileType = sourcecode.swift; path = SatScore.swift; sourceTree = "<group>"; };
		D794F77628DE788E006E0DF2 /* SchoolPresenter.swift */ = {isa = PBXFileReference; lastKnownFileType = sourcecode.swift; path = SchoolPresenter.swift; sourceTree = "<group>"; };
		D794F77B28DE78AD006E0DF2 /* SatScorePresenter.swift */ = {isa = PBXFileReference; lastKnownFileType = sourcecode.swift; path = SatScorePresenter.swift; sourceTree = "<group>"; };
		D794F77F28DE78CB006E0DF2 /* SchoolViewModel.swift */ = {isa = PBXFileReference; lastKnownFileType = sourcecode.swift; path = SchoolViewModel.swift; sourceTree = "<group>"; };
		D794F78328DE78E9006E0DF2 /* SatScoreViewModel.swift */ = {isa = PBXFileReference; lastKnownFileType = sourcecode.swift; path = SatScoreViewModel.swift; sourceTree = "<group>"; };
		D794F78728DE795E006E0DF2 /* SchoolInterface.swift */ = {isa = PBXFileReference; lastKnownFileType = sourcecode.swift; path = SchoolInterface.swift; sourceTree = "<group>"; };
		D794F78B28DE7979006E0DF2 /* SatScoreInterface.swift */ = {isa = PBXFileReference; lastKnownFileType = sourcecode.swift; path = SatScoreInterface.swift; sourceTree = "<group>"; };
		D794F79028DE8CA0006E0DF2 /* SchoolDataSource.swift */ = {isa = PBXFileReference; lastKnownFileType = sourcecode.swift; path = SchoolDataSource.swift; sourceTree = "<group>"; };
		D794F79428DE8CB4006E0DF2 /* SatScoreDataSource.swift */ = {isa = PBXFileReference; lastKnownFileType = sourcecode.swift; path = SatScoreDataSource.swift; sourceTree = "<group>"; };
		D794F79D28DF33B8006E0DF2 /* FileManager.swift */ = {isa = PBXFileReference; lastKnownFileType = sourcecode.swift; path = FileManager.swift; sourceTree = "<group>"; };
		D794F7A128DF33C8006E0DF2 /* NetworkManager.swift */ = {isa = PBXFileReference; lastKnownFileType = sourcecode.swift; path = NetworkManager.swift; sourceTree = "<group>"; };
/* End PBXFileReference section */

/* Begin PBXFrameworksBuildPhase section */
		D794F72C28DE6EA9006E0DF2 /* Frameworks */ = {
			isa = PBXFrameworksBuildPhase;
			buildActionMask = 2147483647;
			files = (
			);
			runOnlyForDeploymentPostprocessing = 0;
		};
		D794F74228DE6EAC006E0DF2 /* Frameworks */ = {
			isa = PBXFrameworksBuildPhase;
			buildActionMask = 2147483647;
			files = (
			);
			runOnlyForDeploymentPostprocessing = 0;
		};
		D794F74C28DE6EAC006E0DF2 /* Frameworks */ = {
			isa = PBXFrameworksBuildPhase;
			buildActionMask = 2147483647;
			files = (
			);
			runOnlyForDeploymentPostprocessing = 0;
		};
/* End PBXFrameworksBuildPhase section */

/* Begin PBXGroup section */
		D794F72628DE6EA9006E0DF2 = {
			isa = PBXGroup;
			children = (
				D794F79828DF2507006E0DF2 /* Utils */,
				D794F78F28DE8C7A006E0DF2 /* DataSource */,
				D794F76728DE75F8006E0DF2 /* Assets */,
				D794F76628DE75EF006E0DF2 /* Model */,
				D794F76528DE75D3006E0DF2 /* Interface */,
				D794F76428DE75CB006E0DF2 /* Presenter */,
				D794F76328DE75C1006E0DF2 /* ViewController */,
				D794F76228DE75B1006E0DF2 /* ViewModel */,
				D794F73128DE6EA9006E0DF2 /* NYCSchools */,
				D794F74828DE6EAC006E0DF2 /* NYCSchoolsTests */,
				D794F75228DE6EAC006E0DF2 /* NYCSchoolsUITests */,
				D794F73028DE6EA9006E0DF2 /* Products */,
			);
			sourceTree = "<group>";
		};
		D794F73028DE6EA9006E0DF2 /* Products */ = {
			isa = PBXGroup;
			children = (
				D794F72F28DE6EA9006E0DF2 /* NYCSchools.app */,
				D794F74528DE6EAC006E0DF2 /* NYCSchoolsTests.xctest */,
				D794F74F28DE6EAC006E0DF2 /* NYCSchoolsUITests.xctest */,
			);
			name = Products;
			sourceTree = "<group>";
		};
		D794F73128DE6EA9006E0DF2 /* NYCSchools */ = {
			isa = PBXGroup;
			children = (
				D794F73228DE6EA9006E0DF2 /* AppDelegate.swift */,
				D794F73428DE6EA9006E0DF2 /* SceneDelegate.swift */,
				D794F73828DE6EA9006E0DF2 /* Main.storyboard */,
				D794F73B28DE6EAC006E0DF2 /* Assets.xcassets */,
				D794F73D28DE6EAC006E0DF2 /* LaunchScreen.storyboard */,
				D794F74028DE6EAC006E0DF2 /* Info.plist */,
			);
			path = NYCSchools;
			sourceTree = "<group>";
		};
		D794F74828DE6EAC006E0DF2 /* NYCSchoolsTests */ = {
			isa = PBXGroup;
			children = (
				D794F74928DE6EAC006E0DF2 /* NYCSchoolsTests.swift */,
			);
			path = NYCSchoolsTests;
			sourceTree = "<group>";
		};
		D794F75228DE6EAC006E0DF2 /* NYCSchoolsUITests */ = {
			isa = PBXGroup;
			children = (
				D794F75328DE6EAC006E0DF2 /* NYCSchoolsUITests.swift */,
				D794F75528DE6EAC006E0DF2 /* NYCSchoolsUITestsLaunchTests.swift */,
			);
			path = NYCSchoolsUITests;
			sourceTree = "<group>";
		};
		D794F76228DE75B1006E0DF2 /* ViewModel */ = {
			isa = PBXGroup;
			children = (
				D794F77F28DE78CB006E0DF2 /* SchoolViewModel.swift */,
				D794F78328DE78E9006E0DF2 /* SatScoreViewModel.swift */,
			);
			path = ViewModel;
			sourceTree = "<group>";
		};
		D794F76328DE75C1006E0DF2 /* ViewController */ = {
			isa = PBXGroup;
			children = (
				D794F73628DE6EA9006E0DF2 /* NYCSchoolViewController.swift */,
			);
			path = ViewController;
			sourceTree = "<group>";
		};
		D794F76428DE75CB006E0DF2 /* Presenter */ = {
			isa = PBXGroup;
			children = (
				D794F77628DE788E006E0DF2 /* SchoolPresenter.swift */,
				D794F77B28DE78AD006E0DF2 /* SatScorePresenter.swift */,
			);
			path = Presenter;
			sourceTree = "<group>";
		};
		D794F76528DE75D3006E0DF2 /* Interface */ = {
			isa = PBXGroup;
			children = (
				D794F78728DE795E006E0DF2 /* SchoolInterface.swift */,
				D794F78B28DE7979006E0DF2 /* SatScoreInterface.swift */,
			);
			path = Interface;
			sourceTree = "<group>";
		};
		D794F76628DE75EF006E0DF2 /* Model */ = {
			isa = PBXGroup;
			children = (
				D794F76E28DE784A006E0DF2 /* School.swift */,
				D794F77228DE7874006E0DF2 /* SatScore.swift */,
			);
			path = Model;
			sourceTree = "<group>";
		};
		D794F76728DE75F8006E0DF2 /* Assets */ = {
			isa = PBXGroup;
			children = (
				D794F76928DE7795006E0DF2 /* f9bf-2cp4-sat.json */,
				D794F76828DE7795006E0DF2 /* f9bf-2cp4-schools.json */,
			);
			path = Assets;
			sourceTree = "<group>";
		};
		D794F78F28DE8C7A006E0DF2 /* DataSource */ = {
			isa = PBXGroup;
			children = (
				D794F79028DE8CA0006E0DF2 /* SchoolDataSource.swift */,
				D794F79428DE8CB4006E0DF2 /* SatScoreDataSource.swift */,
			);
			path = DataSource;
			sourceTree = "<group>";
		};
		D794F79828DF2507006E0DF2 /* Utils */ = {
			isa = PBXGroup;
			children = (
				D794F79D28DF33B8006E0DF2 /* FileManager.swift */,
				D794F7A128DF33C8006E0DF2 /* NetworkManager.swift */,
			);
			path = Utils;
			sourceTree = "<group>";
		};
/* End PBXGroup section */

/* Begin PBXNativeTarget section */
		D794F72E28DE6EA9006E0DF2 /* NYCSchools */ = {
			isa = PBXNativeTarget;
			buildConfigurationList = D794F75928DE6EAC006E0DF2 /* Build configuration list for PBXNativeTarget "NYCSchools" */;
			buildPhases = (
				D794F72B28DE6EA9006E0DF2 /* Sources */,
				D794F72C28DE6EA9006E0DF2 /* Frameworks */,
				D794F72D28DE6EA9006E0DF2 /* Resources */,
			);
			buildRules = (
			);
			dependencies = (
			);
			name = NYCSchools;
			productName = NYCSchools;
			productReference = D794F72F28DE6EA9006E0DF2 /* NYCSchools.app */;
			productType = "com.apple.product-type.application";
		};
		D794F74428DE6EAC006E0DF2 /* NYCSchoolsTests */ = {
			isa = PBXNativeTarget;
			buildConfigurationList = D794F75C28DE6EAC006E0DF2 /* Build configuration list for PBXNativeTarget "NYCSchoolsTests" */;
			buildPhases = (
				D794F74128DE6EAC006E0DF2 /* Sources */,
				D794F74228DE6EAC006E0DF2 /* Frameworks */,
				D794F74328DE6EAC006E0DF2 /* Resources */,
			);
			buildRules = (
			);
			dependencies = (
				D794F74728DE6EAC006E0DF2 /* PBXTargetDependency */,
			);
			name = NYCSchoolsTests;
			productName = NYCSchoolsTests;
			productReference = D794F74528DE6EAC006E0DF2 /* NYCSchoolsTests.xctest */;
			productType = "com.apple.product-type.bundle.unit-test";
		};
		D794F74E28DE6EAC006E0DF2 /* NYCSchoolsUITests */ = {
			isa = PBXNativeTarget;
			buildConfigurationList = D794F75F28DE6EAC006E0DF2 /* Build configuration list for PBXNativeTarget "NYCSchoolsUITests" */;
			buildPhases = (
				D794F74B28DE6EAC006E0DF2 /* Sources */,
				D794F74C28DE6EAC006E0DF2 /* Frameworks */,
				D794F74D28DE6EAC006E0DF2 /* Resources */,
			);
			buildRules = (
			);
			dependencies = (
				D794F75128DE6EAC006E0DF2 /* PBXTargetDependency */,
			);
			name = NYCSchoolsUITests;
			productName = NYCSchoolsUITests;
			productReference = D794F74F28DE6EAC006E0DF2 /* NYCSchoolsUITests.xctest */;
			productType = "com.apple.product-type.bundle.ui-testing";
		};
/* End PBXNativeTarget section */

/* Begin PBXProject section */
		D794F72728DE6EA9006E0DF2 /* Project object */ = {
			isa = PBXProject;
			attributes = {
				BuildIndependentTargetsInParallel = 1;
				LastSwiftUpdateCheck = 1320;
				LastUpgradeCheck = 1320;
				TargetAttributes = {
					D794F72E28DE6EA9006E0DF2 = {
						CreatedOnToolsVersion = 13.2.1;
					};
					D794F74428DE6EAC006E0DF2 = {
						CreatedOnToolsVersion = 13.2.1;
						TestTargetID = D794F72E28DE6EA9006E0DF2;
					};
					D794F74E28DE6EAC006E0DF2 = {
						CreatedOnToolsVersion = 13.2.1;
						TestTargetID = D794F72E28DE6EA9006E0DF2;
					};
				};
			};
			buildConfigurationList = D794F72A28DE6EA9006E0DF2 /* Build configuration list for PBXProject "NYCSchools" */;
			compatibilityVersion = "Xcode 13.0";
			developmentRegion = en;
			hasScannedForEncodings = 0;
			knownRegions = (
				en,
				Base,
			);
			mainGroup = D794F72628DE6EA9006E0DF2;
			productRefGroup = D794F73028DE6EA9006E0DF2 /* Products */;
			projectDirPath = "";
			projectRoot = "";
			targets = (
				D794F72E28DE6EA9006E0DF2 /* NYCSchools */,
				D794F74428DE6EAC006E0DF2 /* NYCSchoolsTests */,
				D794F74E28DE6EAC006E0DF2 /* NYCSchoolsUITests */,
			);
		};
/* End PBXProject section */

/* Begin PBXResourcesBuildPhase section */
		D794F72D28DE6EA9006E0DF2 /* Resources */ = {
			isa = PBXResourcesBuildPhase;
			buildActionMask = 2147483647;
			files = (
				D794F76C28DE7795006E0DF2 /* f9bf-2cp4-sat.json in Resources */,
				D794F73F28DE6EAC006E0DF2 /* LaunchScreen.storyboard in Resources */,
				D794F73C28DE6EAC006E0DF2 /* Assets.xcassets in Resources */,
				D794F73A28DE6EA9006E0DF2 /* Main.storyboard in Resources */,
				D794F76A28DE7795006E0DF2 /* f9bf-2cp4-schools.json in Resources */,
			);
			runOnlyForDeploymentPostprocessing = 0;
		};
		D794F74328DE6EAC006E0DF2 /* Resources */ = {
			isa = PBXResourcesBuildPhase;
			buildActionMask = 2147483647;
			files = (
				D794F76D28DE7795006E0DF2 /* f9bf-2cp4-sat.json in Resources */,
				D794F76B28DE7795006E0DF2 /* f9bf-2cp4-schools.json in Resources */,
			);
			runOnlyForDeploymentPostprocessing = 0;
		};
		D794F74D28DE6EAC006E0DF2 /* Resources */ = {
			isa = PBXResourcesBuildPhase;
			buildActionMask = 2147483647;
			files = (
			);
			runOnlyForDeploymentPostprocessing = 0;
		};
/* End PBXResourcesBuildPhase section */

/* Begin PBXSourcesBuildPhase section */
		D794F72B28DE6EA9006E0DF2 /* Sources */ = {
			isa = PBXSourcesBuildPhase;
			buildActionMask = 2147483647;
			files = (
				D794F79E28DF33B8006E0DF2 /* FileManager.swift in Sources */,
				D794F78428DE78E9006E0DF2 /* SatScoreViewModel.swift in Sources */,
				D794F73728DE6EA9006E0DF2 /* NYCSchoolViewController.swift in Sources */,
				D794F77C28DE78AD006E0DF2 /* SatScorePresenter.swift in Sources */,
				D794F7A228DF33C8006E0DF2 /* NetworkManager.swift in Sources */,
				D794F73328DE6EA9006E0DF2 /* AppDelegate.swift in Sources */,
				D794F79128DE8CA0006E0DF2 /* SchoolDataSource.swift in Sources */,
				D794F73528DE6EA9006E0DF2 /* SceneDelegate.swift in Sources */,
				D794F78028DE78CB006E0DF2 /* SchoolViewModel.swift in Sources */,
				D794F78C28DE7979006E0DF2 /* SatScoreInterface.swift in Sources */,
				D794F79528DE8CB4006E0DF2 /* SatScoreDataSource.swift in Sources */,
				D794F76F28DE784A006E0DF2 /* School.swift in Sources */,
				D794F77728DE788E006E0DF2 /* SchoolPresenter.swift in Sources */,
				D794F77328DE7874006E0DF2 /* SatScore.swift in Sources */,
				D794F78828DE795E006E0DF2 /* SchoolInterface.swift in Sources */,
			);
			runOnlyForDeploymentPostprocessing = 0;
		};
		D794F74128DE6EAC006E0DF2 /* Sources */ = {
			isa = PBXSourcesBuildPhase;
			buildActionMask = 2147483647;
			files = (
				D794F78128DE78CB006E0DF2 /* SchoolViewModel.swift in Sources */,
				D794F78928DE795E006E0DF2 /* SchoolInterface.swift in Sources */,
				D794F78528DE78E9006E0DF2 /* SatScoreViewModel.swift in Sources */,
				D794F78D28DE7979006E0DF2 /* SatScoreInterface.swift in Sources */,
				D794F77828DE788E006E0DF2 /* SchoolPresenter.swift in Sources */,
				D794F77D28DE78AD006E0DF2 /* SatScorePresenter.swift in Sources */,
				D794F79228DE8CA0006E0DF2 /* SchoolDataSource.swift in Sources */,
				D794F79F28DF33B8006E0DF2 /* FileManager.swift in Sources */,
				D794F74A28DE6EAC006E0DF2 /* NYCSchoolsTests.swift in Sources */,
				D794F7A328DF33C8006E0DF2 /* NetworkManager.swift in Sources */,
				D794F77428DE7874006E0DF2 /* SatScore.swift in Sources */,
				D794F79628DE8CB4006E0DF2 /* SatScoreDataSource.swift in Sources */,
				D794F77028DE784A006E0DF2 /* School.swift in Sources */,
			);
			runOnlyForDeploymentPostprocessing = 0;
		};
		D794F74B28DE6EAC006E0DF2 /* Sources */ = {
			isa = PBXSourcesBuildPhase;
			buildActionMask = 2147483647;
			files = (
				D794F77E28DE78AD006E0DF2 /* SatScorePresenter.swift in Sources */,
				D794F78E28DE7979006E0DF2 /* SatScoreInterface.swift in Sources */,
				D794F75428DE6EAC006E0DF2 /* NYCSchoolsUITests.swift in Sources */,
				D794F7A028DF33B8006E0DF2 /* FileManager.swift in Sources */,
				D794F78628DE78E9006E0DF2 /* SatScoreViewModel.swift in Sources */,
				D794F77928DE788E006E0DF2 /* SchoolPresenter.swift in Sources */,
				D794F77528DE7874006E0DF2 /* SatScore.swift in Sources */,
				D794F79328DE8CA0006E0DF2 /* SchoolDataSource.swift in Sources */,
				D794F77128DE784A006E0DF2 /* School.swift in Sources */,
				D794F75628DE6EAC006E0DF2 /* NYCSchoolsUITestsLaunchTests.swift in Sources */,
				D794F78A28DE795E006E0DF2 /* SchoolInterface.swift in Sources */,
				D794F7A428DF33C8006E0DF2 /* NetworkManager.swift in Sources */,
				D794F79728DE8CB4006E0DF2 /* SatScoreDataSource.swift in Sources */,
				D794F78228DE78CB006E0DF2 /* SchoolViewModel.swift in Sources */,
			);
			runOnlyForDeploymentPostprocessing = 0;
		};
/* End PBXSourcesBuildPhase section */

/* Begin PBXTargetDependency section */
		D794F74728DE6EAC006E0DF2 /* PBXTargetDependency */ = {
			isa = PBXTargetDependency;
			target = D794F72E28DE6EA9006E0DF2 /* NYCSchools */;
			targetProxy = D794F74628DE6EAC006E0DF2 /* PBXContainerItemProxy */;
		};
		D794F75128DE6EAC006E0DF2 /* PBXTargetDependency */ = {
			isa = PBXTargetDependency;
			target = D794F72E28DE6EA9006E0DF2 /* NYCSchools */;
			targetProxy = D794F75028DE6EAC006E0DF2 /* PBXContainerItemProxy */;
		};
/* End PBXTargetDependency section */

/* Begin PBXVariantGroup section */
		D794F73828DE6EA9006E0DF2 /* Main.storyboard */ = {
			isa = PBXVariantGroup;
			children = (
				D794F73928DE6EA9006E0DF2 /* Base */,
			);
			name = Main.storyboard;
			sourceTree = "<group>";
		};
		D794F73D28DE6EAC006E0DF2 /* LaunchScreen.storyboard */ = {
			isa = PBXVariantGroup;
			children = (
				D794F73E28DE6EAC006E0DF2 /* Base */,
			);
			name = LaunchScreen.storyboard;
			sourceTree = "<group>";
		};
/* End PBXVariantGroup section */

/* Begin XCBuildConfiguration section */
		D794F75728DE6EAC006E0DF2 /* Debug */ = {
			isa = XCBuildConfiguration;
			buildSettings = {
				ALWAYS_SEARCH_USER_PATHS = NO;
				CLANG_ANALYZER_NONNULL = YES;
				CLANG_ANALYZER_NUMBER_OBJECT_CONVERSION = YES_AGGRESSIVE;
				CLANG_CXX_LANGUAGE_STANDARD = "gnu++17";
				CLANG_CXX_LIBRARY = "libc++";
				CLANG_ENABLE_MODULES = YES;
				CLANG_ENABLE_OBJC_ARC = YES;
				CLANG_ENABLE_OBJC_WEAK = YES;
				CLANG_WARN_BLOCK_CAPTURE_AUTORELEASING = YES;
				CLANG_WARN_BOOL_CONVERSION = YES;
				CLANG_WARN_COMMA = YES;
				CLANG_WARN_CONSTANT_CONVERSION = YES;
				CLANG_WARN_DEPRECATED_OBJC_IMPLEMENTATIONS = YES;
				CLANG_WARN_DIRECT_OBJC_ISA_USAGE = YES_ERROR;
				CLANG_WARN_DOCUMENTATION_COMMENTS = YES;
				CLANG_WARN_EMPTY_BODY = YES;
				CLANG_WARN_ENUM_CONVERSION = YES;
				CLANG_WARN_INFINITE_RECURSION = YES;
				CLANG_WARN_INT_CONVERSION = YES;
				CLANG_WARN_NON_LITERAL_NULL_CONVERSION = YES;
				CLANG_WARN_OBJC_IMPLICIT_RETAIN_SELF = YES;
				CLANG_WARN_OBJC_LITERAL_CONVERSION = YES;
				CLANG_WARN_OBJC_ROOT_CLASS = YES_ERROR;
				CLANG_WARN_QUOTED_INCLUDE_IN_FRAMEWORK_HEADER = YES;
				CLANG_WARN_RANGE_LOOP_ANALYSIS = YES;
				CLANG_WARN_STRICT_PROTOTYPES = YES;
				CLANG_WARN_SUSPICIOUS_MOVE = YES;
				CLANG_WARN_UNGUARDED_AVAILABILITY = YES_AGGRESSIVE;
				CLANG_WARN_UNREACHABLE_CODE = YES;
				CLANG_WARN__DUPLICATE_METHOD_MATCH = YES;
				COPY_PHASE_STRIP = NO;
				DEBUG_INFORMATION_FORMAT = dwarf;
				ENABLE_STRICT_OBJC_MSGSEND = YES;
				ENABLE_TESTABILITY = YES;
				GCC_C_LANGUAGE_STANDARD = gnu11;
				GCC_DYNAMIC_NO_PIC = NO;
				GCC_NO_COMMON_BLOCKS = YES;
				GCC_OPTIMIZATION_LEVEL = 0;
				GCC_PREPROCESSOR_DEFINITIONS = (
					"DEBUG=1",
					"$(inherited)",
				);
				GCC_WARN_64_TO_32_BIT_CONVERSION = YES;
				GCC_WARN_ABOUT_RETURN_TYPE = YES_ERROR;
				GCC_WARN_UNDECLARED_SELECTOR = YES;
				GCC_WARN_UNINITIALIZED_AUTOS = YES_AGGRESSIVE;
				GCC_WARN_UNUSED_FUNCTION = YES;
				GCC_WARN_UNUSED_VARIABLE = YES;
				IPHONEOS_DEPLOYMENT_TARGET = 15.2;
				MTL_ENABLE_DEBUG_INFO = INCLUDE_SOURCE;
				MTL_FAST_MATH = YES;
				ONLY_ACTIVE_ARCH = YES;
				SDKROOT = iphoneos;
				SWIFT_ACTIVE_COMPILATION_CONDITIONS = DEBUG;
				SWIFT_OPTIMIZATION_LEVEL = "-Onone";
			};
			name = Debug;
		};
		D794F75828DE6EAC006E0DF2 /* Release */ = {
			isa = XCBuildConfiguration;
			buildSettings = {
				ALWAYS_SEARCH_USER_PATHS = NO;
				CLANG_ANALYZER_NONNULL = YES;
				CLANG_ANALYZER_NUMBER_OBJECT_CONVERSION = YES_AGGRESSIVE;
				CLANG_CXX_LANGUAGE_STANDARD = "gnu++17";
				CLANG_CXX_LIBRARY = "libc++";
				CLANG_ENABLE_MODULES = YES;
				CLANG_ENABLE_OBJC_ARC = YES;
				CLANG_ENABLE_OBJC_WEAK = YES;
				CLANG_WARN_BLOCK_CAPTURE_AUTORELEASING = YES;
				CLANG_WARN_BOOL_CONVERSION = YES;
				CLANG_WARN_COMMA = YES;
				CLANG_WARN_CONSTANT_CONVERSION = YES;
				CLANG_WARN_DEPRECATED_OBJC_IMPLEMENTATIONS = YES;
				CLANG_WARN_DIRECT_OBJC_ISA_USAGE = YES_ERROR;
				CLANG_WARN_DOCUMENTATION_COMMENTS = YES;
				CLANG_WARN_EMPTY_BODY = YES;
				CLANG_WARN_ENUM_CONVERSION = YES;
				CLANG_WARN_INFINITE_RECURSION = YES;
				CLANG_WARN_INT_CONVERSION = YES;
				CLANG_WARN_NON_LITERAL_NULL_CONVERSION = YES;
				CLANG_WARN_OBJC_IMPLICIT_RETAIN_SELF = YES;
				CLANG_WARN_OBJC_LITERAL_CONVERSION = YES;
				CLANG_WARN_OBJC_ROOT_CLASS = YES_ERROR;
				CLANG_WARN_QUOTED_INCLUDE_IN_FRAMEWORK_HEADER = YES;
				CLANG_WARN_RANGE_LOOP_ANALYSIS = YES;
				CLANG_WARN_STRICT_PROTOTYPES = YES;
				CLANG_WARN_SUSPICIOUS_MOVE = YES;
				CLANG_WARN_UNGUARDED_AVAILABILITY = YES_AGGRESSIVE;
				CLANG_WARN_UNREACHABLE_CODE = YES;
				CLANG_WARN__DUPLICATE_METHOD_MATCH = YES;
				COPY_PHASE_STRIP = NO;
				DEBUG_INFORMATION_FORMAT = "dwarf-with-dsym";
				ENABLE_NS_ASSERTIONS = NO;
				ENABLE_STRICT_OBJC_MSGSEND = YES;
				GCC_C_LANGUAGE_STANDARD = gnu11;
				GCC_NO_COMMON_BLOCKS = YES;
				GCC_WARN_64_TO_32_BIT_CONVERSION = YES;
				GCC_WARN_ABOUT_RETURN_TYPE = YES_ERROR;
				GCC_WARN_UNDECLARED_SELECTOR = YES;
				GCC_WARN_UNINITIALIZED_AUTOS = YES_AGGRESSIVE;
				GCC_WARN_UNUSED_FUNCTION = YES;
				GCC_WARN_UNUSED_VARIABLE = YES;
				IPHONEOS_DEPLOYMENT_TARGET = 15.2;
				MTL_ENABLE_DEBUG_INFO = NO;
				MTL_FAST_MATH = YES;
				SDKROOT = iphoneos;
				SWIFT_COMPILATION_MODE = wholemodule;
				SWIFT_OPTIMIZATION_LEVEL = "-O";
				VALIDATE_PRODUCT = YES;
			};
			name = Release;
		};
		D794F75A28DE6EAC006E0DF2 /* Debug */ = {
			isa = XCBuildConfiguration;
			buildSettings = {
				ASSETCATALOG_COMPILER_APPICON_NAME = AppIcon;
				ASSETCATALOG_COMPILER_GLOBAL_ACCENT_COLOR_NAME = AccentColor;
				CODE_SIGN_STYLE = Automatic;
				CURRENT_PROJECT_VERSION = 1;
				DEVELOPMENT_TEAM = YR37Y2UVNX;
				GENERATE_INFOPLIST_FILE = YES;
				INFOPLIST_FILE = NYCSchools/Info.plist;
				INFOPLIST_KEY_UIApplicationSupportsIndirectInputEvents = YES;
				INFOPLIST_KEY_UILaunchStoryboardName = LaunchScreen;
				INFOPLIST_KEY_UIMainStoryboardFile = Main;
				INFOPLIST_KEY_UISupportedInterfaceOrientations_iPad = "UIInterfaceOrientationPortrait UIInterfaceOrientationPortraitUpsideDown UIInterfaceOrientationLandscapeLeft UIInterfaceOrientationLandscapeRight";
				INFOPLIST_KEY_UISupportedInterfaceOrientations_iPhone = "UIInterfaceOrientationPortrait UIInterfaceOrientationLandscapeLeft UIInterfaceOrientationLandscapeRight";
				LD_RUNPATH_SEARCH_PATHS = (
					"$(inherited)",
					"@executable_path/Frameworks",
				);
				MARKETING_VERSION = 1.0;
				PRODUCT_BUNDLE_IDENTIFIER = com.mulvsoft.NYCSchools;
				PRODUCT_NAME = "$(TARGET_NAME)";
				SWIFT_EMIT_LOC_STRINGS = YES;
				SWIFT_VERSION = 5.0;
				TARGETED_DEVICE_FAMILY = "1,2";
			};
			name = Debug;
		};
		D794F75B28DE6EAC006E0DF2 /* Release */ = {
			isa = XCBuildConfiguration;
			buildSettings = {
				ASSETCATALOG_COMPILER_APPICON_NAME = AppIcon;
				ASSETCATALOG_COMPILER_GLOBAL_ACCENT_COLOR_NAME = AccentColor;
				CODE_SIGN_STYLE = Automatic;
				CURRENT_PROJECT_VERSION = 1;
				DEVELOPMENT_TEAM = YR37Y2UVNX;
				GENERATE_INFOPLIST_FILE = YES;
				INFOPLIST_FILE = NYCSchools/Info.plist;
				INFOPLIST_KEY_UIApplicationSupportsIndirectInputEvents = YES;
				INFOPLIST_KEY_UILaunchStoryboardName = LaunchScreen;
				INFOPLIST_KEY_UIMainStoryboardFile = Main;
				INFOPLIST_KEY_UISupportedInterfaceOrientations_iPad = "UIInterfaceOrientationPortrait UIInterfaceOrientationPortraitUpsideDown UIInterfaceOrientationLandscapeLeft UIInterfaceOrientationLandscapeRight";
				INFOPLIST_KEY_UISupportedInterfaceOrientations_iPhone = "UIInterfaceOrientationPortrait UIInterfaceOrientationLandscapeLeft UIInterfaceOrientationLandscapeRight";
				LD_RUNPATH_SEARCH_PATHS = (
					"$(inherited)",
					"@executable_path/Frameworks",
				);
				MARKETING_VERSION = 1.0;
				PRODUCT_BUNDLE_IDENTIFIER = com.mulvsoft.NYCSchools;
				PRODUCT_NAME = "$(TARGET_NAME)";
				SWIFT_EMIT_LOC_STRINGS = YES;
				SWIFT_VERSION = 5.0;
				TARGETED_DEVICE_FAMILY = "1,2";
			};
			name = Release;
		};
		D794F75D28DE6EAC006E0DF2 /* Debug */ = {
			isa = XCBuildConfiguration;
			buildSettings = {
				ALWAYS_EMBED_SWIFT_STANDARD_LIBRARIES = YES;
				BUNDLE_LOADER = "$(TEST_HOST)";
				CODE_SIGN_STYLE = Automatic;
				CURRENT_PROJECT_VERSION = 1;
				DEVELOPMENT_TEAM = YR37Y2UVNX;
				GENERATE_INFOPLIST_FILE = YES;
				IPHONEOS_DEPLOYMENT_TARGET = 15.2;
				MARKETING_VERSION = 1.0;
				PRODUCT_BUNDLE_IDENTIFIER = com.mulvsoft.NYCSchoolsTests;
				PRODUCT_NAME = "$(TARGET_NAME)";
				SWIFT_EMIT_LOC_STRINGS = NO;
				SWIFT_VERSION = 5.0;
				TARGETED_DEVICE_FAMILY = "1,2";
				TEST_HOST = "$(BUILT_PRODUCTS_DIR)/NYCSchools.app/NYCSchools";
			};
			name = Debug;
		};
		D794F75E28DE6EAC006E0DF2 /* Release */ = {
			isa = XCBuildConfiguration;
			buildSettings = {
				ALWAYS_EMBED_SWIFT_STANDARD_LIBRARIES = YES;
				BUNDLE_LOADER = "$(TEST_HOST)";
				CODE_SIGN_STYLE = Automatic;
				CURRENT_PROJECT_VERSION = 1;
				DEVELOPMENT_TEAM = YR37Y2UVNX;
				GENERATE_INFOPLIST_FILE = YES;
				IPHONEOS_DEPLOYMENT_TARGET = 15.2;
				MARKETING_VERSION = 1.0;
				PRODUCT_BUNDLE_IDENTIFIER = com.mulvsoft.NYCSchoolsTests;
				PRODUCT_NAME = "$(TARGET_NAME)";
				SWIFT_EMIT_LOC_STRINGS = NO;
				SWIFT_VERSION = 5.0;
				TARGETED_DEVICE_FAMILY = "1,2";
				TEST_HOST = "$(BUILT_PRODUCTS_DIR)/NYCSchools.app/NYCSchools";
			};
			name = Release;
		};
		D794F76028DE6EAC006E0DF2 /* Debug */ = {
			isa = XCBuildConfiguration;
			buildSettings = {
				ALWAYS_EMBED_SWIFT_STANDARD_LIBRARIES = YES;
				CODE_SIGN_STYLE = Automatic;
				CURRENT_PROJECT_VERSION = 1;
				DEVELOPMENT_TEAM = YR37Y2UVNX;
				GENERATE_INFOPLIST_FILE = YES;
				MARKETING_VERSION = 1.0;
				PRODUCT_BUNDLE_IDENTIFIER = com.mulvsoft.NYCSchoolsUITests;
				PRODUCT_NAME = "$(TARGET_NAME)";
				SWIFT_EMIT_LOC_STRINGS = NO;
				SWIFT_VERSION = 5.0;
				TARGETED_DEVICE_FAMILY = "1,2";
				TEST_TARGET_NAME = NYCSchools;
			};
			name = Debug;
		};
		D794F76128DE6EAC006E0DF2 /* Release */ = {
			isa = XCBuildConfiguration;
			buildSettings = {
				ALWAYS_EMBED_SWIFT_STANDARD_LIBRARIES = YES;
				CODE_SIGN_STYLE = Automatic;
				CURRENT_PROJECT_VERSION = 1;
				DEVELOPMENT_TEAM = YR37Y2UVNX;
				GENERATE_INFOPLIST_FILE = YES;
				MARKETING_VERSION = 1.0;
				PRODUCT_BUNDLE_IDENTIFIER = com.mulvsoft.NYCSchoolsUITests;
				PRODUCT_NAME = "$(TARGET_NAME)";
				SWIFT_EMIT_LOC_STRINGS = NO;
				SWIFT_VERSION = 5.0;
				TARGETED_DEVICE_FAMILY = "1,2";
				TEST_TARGET_NAME = NYCSchools;
			};
			name = Release;
		};
/* End XCBuildConfiguration section */

/* Begin XCConfigurationList section */
		D794F72A28DE6EA9006E0DF2 /* Build configuration list for PBXProject "NYCSchools" */ = {
			isa = XCConfigurationList;
			buildConfigurations = (
				D794F75728DE6EAC006E0DF2 /* Debug */,
				D794F75828DE6EAC006E0DF2 /* Release */,
			);
			defaultConfigurationIsVisible = 0;
			defaultConfigurationName = Release;
		};
		D794F75928DE6EAC006E0DF2 /* Build configuration list for PBXNativeTarget "NYCSchools" */ = {
			isa = XCConfigurationList;
			buildConfigurations = (
				D794F75A28DE6EAC006E0DF2 /* Debug */,
				D794F75B28DE6EAC006E0DF2 /* Release */,
			);
			defaultConfigurationIsVisible = 0;
			defaultConfigurationName = Release;
		};
		D794F75C28DE6EAC006E0DF2 /* Build configuration list for PBXNativeTarget "NYCSchoolsTests" */ = {
			isa = XCConfigurationList;
			buildConfigurations = (
				D794F75D28DE6EAC006E0DF2 /* Debug */,
				D794F75E28DE6EAC006E0DF2 /* Release */,
			);
			defaultConfigurationIsVisible = 0;
			defaultConfigurationName = Release;
		};
		D794F75F28DE6EAC006E0DF2 /* Build configuration list for PBXNativeTarget "NYCSchoolsUITests" */ = {
			isa = XCConfigurationList;
			buildConfigurations = (
				D794F76028DE6EAC006E0DF2 /* Debug */,
				D794F76128DE6EAC006E0DF2 /* Release */,
			);
			defaultConfigurationIsVisible = 0;
			defaultConfigurationName = Release;
		};
/* End XCConfigurationList section */
	};
	rootObject = D794F72728DE6EA9006E0DF2 /* Project object */;
}
